// !$*UTF8*$!
{
	archiveVersion = 1;
	classes = {
	};
	objectVersion = 46;
	objects = {

/* Begin PBXBuildFile section */
		00E356F31AD99517003FC87E /* secondDemoTests.m in Sources */ = {isa = PBXBuildFile; fileRef = 00E356F21AD99517003FC87E /* secondDemoTests.m */; };
		13B07FBC1A68108700A75B9A /* AppDelegate.m in Sources */ = {isa = PBXBuildFile; fileRef = 13B07FB01A68108700A75B9A /* AppDelegate.m */; };
		13B07FBD1A68108700A75B9A /* LaunchScreen.xib in Resources */ = {isa = PBXBuildFile; fileRef = 13B07FB11A68108700A75B9A /* LaunchScreen.xib */; };
		13B07FBF1A68108700A75B9A /* Images.xcassets in Resources */ = {isa = PBXBuildFile; fileRef = 13B07FB51A68108700A75B9A /* Images.xcassets */; };
		13B07FC11A68108700A75B9A /* main.m in Sources */ = {isa = PBXBuildFile; fileRef = 13B07FB71A68108700A75B9A /* main.m */; };
		242A2B36E9769A0AA6BB801F /* libPods-secondDemo-tvOS.a in Frameworks */ = {isa = PBXBuildFile; fileRef = 4118186CB7D508C7AADBD2E9 /* libPods-secondDemo-tvOS.a */; };
		2D02E4BC1E0B4A80006451C7 /* AppDelegate.m in Sources */ = {isa = PBXBuildFile; fileRef = 13B07FB01A68108700A75B9A /* AppDelegate.m */; };
		2D02E4BD1E0B4A84006451C7 /* Images.xcassets in Resources */ = {isa = PBXBuildFile; fileRef = 13B07FB51A68108700A75B9A /* Images.xcassets */; };
		2D02E4BF1E0B4AB3006451C7 /* main.m in Sources */ = {isa = PBXBuildFile; fileRef = 13B07FB71A68108700A75B9A /* main.m */; };
		2DCD954D1E0B4F2C00145EB5 /* secondDemoTests.m in Sources */ = {isa = PBXBuildFile; fileRef = 00E356F21AD99517003FC87E /* secondDemoTests.m */; };
		6717D1C750321EDD9FE739A7 /* libPods-secondDemoTests.a in Frameworks */ = {isa = PBXBuildFile; fileRef = 4D231C3F2FE04B56A3AB2C1A /* libPods-secondDemoTests.a */; };
		CDF6420DBE545451764200E0 /* libPods-secondDemo-tvOSTests.a in Frameworks */ = {isa = PBXBuildFile; fileRef = CDA0AE237CE0F7945565C439 /* libPods-secondDemo-tvOSTests.a */; };
		F38256A9ABD218330E3D566F /* libPods-secondDemo.a in Frameworks */ = {isa = PBXBuildFile; fileRef = 2A1B1B9085044DCE47F21711 /* libPods-secondDemo.a */; };
		918FF8906BB34791A2D9A72A /* NotoSerif-Bold.ttf in Resources */ = {isa = PBXBuildFile; fileRef = 26786B689BC04DE69019D18E /* NotoSerif-Bold.ttf */; };
		0B57BC86F5F14FA89D102561 /* NotoSerif-BoldItalic.ttf in Resources */ = {isa = PBXBuildFile; fileRef = 94C98E4321C4472BB0CF4CB4 /* NotoSerif-BoldItalic.ttf */; };
		4174627260784E76A2F54EE6 /* NotoSerif-Italic.ttf in Resources */ = {isa = PBXBuildFile; fileRef = A5A426C1D4CD487CB0529E34 /* NotoSerif-Italic.ttf */; };
		68CA0902BBC9440594EB244E /* NotoSerif-Regular.ttf in Resources */ = {isa = PBXBuildFile; fileRef = 8DFEE5F19F964CC0A3CD80CA /* NotoSerif-Regular.ttf */; };
		86F028DD98F74D8498A1E21D /* Lobster-Regular.ttf in Resources */ = {isa = PBXBuildFile; fileRef = 0B8D151FC4FF4B59B4AD3238 /* Lobster-Regular.ttf */; };
		EFFB6C77E70544DABEF53BD5 /* AntDesign.ttf in Resources */ = {isa = PBXBuildFile; fileRef = D724070303C546E5A5A97322 /* AntDesign.ttf */; };
		FB60303C42AF4E6C94660ACA /* Entypo.ttf in Resources */ = {isa = PBXBuildFile; fileRef = F8C70886F36B45569DD03645 /* Entypo.ttf */; };
		EC3A87ABD68944D18457B9B7 /* EvilIcons.ttf in Resources */ = {isa = PBXBuildFile; fileRef = A243A36E0CDA429296994BDE /* EvilIcons.ttf */; };
		97D8669C3BB540F69978726B /* Feather.ttf in Resources */ = {isa = PBXBuildFile; fileRef = 91EA6D4329684A4C9ECB2A0D /* Feather.ttf */; };
		4CCC37B8B70D40E0AC8AB0E9 /* FontAwesome.ttf in Resources */ = {isa = PBXBuildFile; fileRef = 92F1662FA44041268AA7F226 /* FontAwesome.ttf */; };
		C37FEA07C8034AF9AFE4BB6C /* FontAwesome5_Brands.ttf in Resources */ = {isa = PBXBuildFile; fileRef = 8400D47EFC1D4ACB91CDB78A /* FontAwesome5_Brands.ttf */; };
		B881EA1EE9AA47D1B5D0F754 /* FontAwesome5_Regular.ttf in Resources */ = {isa = PBXBuildFile; fileRef = E0616975CA16444085E22A7E /* FontAwesome5_Regular.ttf */; };
		3528B8D7B0DC400DB62F44F8 /* FontAwesome5_Solid.ttf in Resources */ = {isa = PBXBuildFile; fileRef = 79D7D5A69B754A5A965FD37F /* FontAwesome5_Solid.ttf */; };
		7F906E2750C04E0FBF3A97F9 /* Fontisto.ttf in Resources */ = {isa = PBXBuildFile; fileRef = CA1AB117675F4A4CB4B7D693 /* Fontisto.ttf */; };
		58B3816ACA9B4764991CC507 /* Foundation.ttf in Resources */ = {isa = PBXBuildFile; fileRef = F898C7D224904096B441E83B /* Foundation.ttf */; };
		943AC55B303B4B939A9F00A8 /* Ionicons.ttf in Resources */ = {isa = PBXBuildFile; fileRef = 360127DAA34044A3910D93BD /* Ionicons.ttf */; };
		F01720DFEBED40A0B21E404A /* MaterialCommunityIcons.ttf in Resources */ = {isa = PBXBuildFile; fileRef = 381821880D9F4F2385465EBB /* MaterialCommunityIcons.ttf */; };
		12D2CAA78BA8444187D34AB4 /* MaterialIcons.ttf in Resources */ = {isa = PBXBuildFile; fileRef = 133B385C418A465797500E14 /* MaterialIcons.ttf */; };
		7BEC48E77DBE40FB831759D0 /* Octicons.ttf in Resources */ = {isa = PBXBuildFile; fileRef = 7CC7F4909CDD477A90917CA0 /* Octicons.ttf */; };
		5400BEC57BEC4FABB313ECDC /* SimpleLineIcons.ttf in Resources */ = {isa = PBXBuildFile; fileRef = E723DEF8BCF44555ACAC9C80 /* SimpleLineIcons.ttf */; };
		9CBDB6CA44B248809B9CB544 /* Zocial.ttf in Resources */ = {isa = PBXBuildFile; fileRef = 15E377E12F864F21A78DDCCB /* Zocial.ttf */; };
		0310C73E47BD43A79928A846 /* AntDesign.ttf in Resources */ = {isa = PBXBuildFile; fileRef = 8F76D0D17EBB48189C83AC9D /* AntDesign.ttf */; };
		2076D68C65484D608ADD6F69 /* Entypo.ttf in Resources */ = {isa = PBXBuildFile; fileRef = A91F5B771AF143B29292C3AC /* Entypo.ttf */; };
		D1A37BF3E3B44B27947E4F85 /* EvilIcons.ttf in Resources */ = {isa = PBXBuildFile; fileRef = 7867E6CF26724F4C839FF953 /* EvilIcons.ttf */; };
		EA639DC9868B425591C88605 /* Feather.ttf in Resources */ = {isa = PBXBuildFile; fileRef = 9F0D63CE3FB949EEBB905A48 /* Feather.ttf */; };
		E4DCE23862EC47EE8E910E6A /* FontAwesome.ttf in Resources */ = {isa = PBXBuildFile; fileRef = F5D0B6DA5DF44E0DB8F8FC64 /* FontAwesome.ttf */; };
		0C53E0432BF044A39DBFFD81 /* FontAwesome5_Brands.ttf in Resources */ = {isa = PBXBuildFile; fileRef = 265B0C2082104500AA1F2681 /* FontAwesome5_Brands.ttf */; };
		BA405D3DB6614552A32B9664 /* FontAwesome5_Regular.ttf in Resources */ = {isa = PBXBuildFile; fileRef = AED9AE12AB7748EFA010EEAC /* FontAwesome5_Regular.ttf */; };
		ACEA84D4558840328A798948 /* FontAwesome5_Solid.ttf in Resources */ = {isa = PBXBuildFile; fileRef = 731177FFC3B4435A8C0DED6B /* FontAwesome5_Solid.ttf */; };
		B39C954C7DA84C43AFFCC277 /* Fontisto.ttf in Resources */ = {isa = PBXBuildFile; fileRef = B9EEDA392A4F4B2D8B2C6338 /* Fontisto.ttf */; };
		11BD2232DD414FE89DC0899A /* Foundation.ttf in Resources */ = {isa = PBXBuildFile; fileRef = 0DDB2D7BEB694F9CB1409EBC /* Foundation.ttf */; };
		798F9E5AE7224E4AB4C33CCB /* Ionicons.ttf in Resources */ = {isa = PBXBuildFile; fileRef = 9B05C2D6E58C43969AD69DBF /* Ionicons.ttf */; };
		4D3E2D875BA0412C9B4263F2 /* MaterialCommunityIcons.ttf in Resources */ = {isa = PBXBuildFile; fileRef = 435B0C3F99D042BB9E11FC77 /* MaterialCommunityIcons.ttf */; };
		EACC76C2DBBC481A91DBF383 /* MaterialIcons.ttf in Resources */ = {isa = PBXBuildFile; fileRef = E85C5B2C2E404EB0A4292936 /* MaterialIcons.ttf */; };
		E521C9C53DBB417BBF60AA89 /* Octicons.ttf in Resources */ = {isa = PBXBuildFile; fileRef = E7130285393049A2B4DEDD54 /* Octicons.ttf */; };
		C8986B0E06AE47A3AAFDF9E9 /* Roboto_medium.ttf in Resources */ = {isa = PBXBuildFile; fileRef = 979E3C045E97423A8F529E3B /* Roboto_medium.ttf */; };
		E7E11333CD3B4D12B3190061 /* Roboto.ttf in Resources */ = {isa = PBXBuildFile; fileRef = 11DA10D8D7B94BC688EE8670 /* Roboto.ttf */; };
		32A9687EF1AE4DF7891BF642 /* rubicon-icon-font.ttf in Resources */ = {isa = PBXBuildFile; fileRef = D4684D5C24FA4904AEC95E40 /* rubicon-icon-font.ttf */; };
		43E0E270D6D74EF2807D02B6 /* SimpleLineIcons.ttf in Resources */ = {isa = PBXBuildFile; fileRef = 85F2D6BAEFBB4A249680ABAC /* SimpleLineIcons.ttf */; };
		89570171ED84476CB5F6DA33 /* Zocial.ttf in Resources */ = {isa = PBXBuildFile; fileRef = 6DEC58F896D144BEAFFAE7F2 /* Zocial.ttf */; };
/* End PBXBuildFile section */

/* Begin PBXContainerItemProxy section */
		00E356F41AD99517003FC87E /* PBXContainerItemProxy */ = {
			isa = PBXContainerItemProxy;
			containerPortal = 83CBB9F71A601CBA00E9B192 /* Project object */;
			proxyType = 1;
			remoteGlobalIDString = 13B07F861A680F5B00A75B9A;
			remoteInfo = secondDemo;
		};
		2D02E4911E0B4A5D006451C7 /* PBXContainerItemProxy */ = {
			isa = PBXContainerItemProxy;
			containerPortal = 83CBB9F71A601CBA00E9B192 /* Project object */;
			proxyType = 1;
			remoteGlobalIDString = 2D02E47A1E0B4A5D006451C7;
			remoteInfo = "secondDemo-tvOS";
		};
/* End PBXContainerItemProxy section */

/* Begin PBXFileReference section */
		002399C757BEE880BCE184D2 /* Pods-secondDemo.debug.xcconfig */ = {isa = PBXFileReference; includeInIndex = 1; lastKnownFileType = text.xcconfig; name = "Pods-secondDemo.debug.xcconfig"; path = "Target Support Files/Pods-secondDemo/Pods-secondDemo.debug.xcconfig"; sourceTree = "<group>"; };
		008F07F21AC5B25A0029DE68 /* main.jsbundle */ = {isa = PBXFileReference; fileEncoding = 4; lastKnownFileType = text; path = main.jsbundle; sourceTree = "<group>"; };
		00E356EE1AD99517003FC87E /* secondDemoTests.xctest */ = {isa = PBXFileReference; explicitFileType = wrapper.cfbundle; includeInIndex = 0; path = secondDemoTests.xctest; sourceTree = BUILT_PRODUCTS_DIR; };
		00E356F11AD99517003FC87E /* Info.plist */ = {isa = PBXFileReference; lastKnownFileType = text.plist.xml; path = Info.plist; sourceTree = "<group>"; };
		00E356F21AD99517003FC87E /* secondDemoTests.m */ = {isa = PBXFileReference; lastKnownFileType = sourcecode.c.objc; path = secondDemoTests.m; sourceTree = "<group>"; };
		07B96CCB1710A9EA03BC8136 /* Pods-secondDemoTests.debug.xcconfig */ = {isa = PBXFileReference; includeInIndex = 1; lastKnownFileType = text.xcconfig; name = "Pods-secondDemoTests.debug.xcconfig"; path = "Target Support Files/Pods-secondDemoTests/Pods-secondDemoTests.debug.xcconfig"; sourceTree = "<group>"; };
		13B07F961A680F5B00A75B9A /* secondDemo.app */ = {isa = PBXFileReference; explicitFileType = wrapper.application; includeInIndex = 0; path = secondDemo.app; sourceTree = BUILT_PRODUCTS_DIR; };
		13B07FAF1A68108700A75B9A /* AppDelegate.h */ = {isa = PBXFileReference; fileEncoding = 4; lastKnownFileType = sourcecode.c.h; name = AppDelegate.h; path = secondDemo/AppDelegate.h; sourceTree = "<group>"; };
		13B07FB01A68108700A75B9A /* AppDelegate.m */ = {isa = PBXFileReference; fileEncoding = 4; lastKnownFileType = sourcecode.c.objc; name = AppDelegate.m; path = secondDemo/AppDelegate.m; sourceTree = "<group>"; };
		13B07FB21A68108700A75B9A /* Base */ = {isa = PBXFileReference; lastKnownFileType = file.xib; name = Base; path = Base.lproj/LaunchScreen.xib; sourceTree = "<group>"; };
		13B07FB51A68108700A75B9A /* Images.xcassets */ = {isa = PBXFileReference; lastKnownFileType = folder.assetcatalog; name = Images.xcassets; path = secondDemo/Images.xcassets; sourceTree = "<group>"; };
		13B07FB61A68108700A75B9A /* Info.plist */ = {isa = PBXFileReference; fileEncoding = 4; lastKnownFileType = text.plist.xml; name = Info.plist; path = secondDemo/Info.plist; sourceTree = "<group>"; };
		13B07FB71A68108700A75B9A /* main.m */ = {isa = PBXFileReference; fileEncoding = 4; lastKnownFileType = sourcecode.c.objc; name = main.m; path = secondDemo/main.m; sourceTree = "<group>"; };
		2A1B1B9085044DCE47F21711 /* libPods-secondDemo.a */ = {isa = PBXFileReference; explicitFileType = archive.ar; includeInIndex = 0; path = "libPods-secondDemo.a"; sourceTree = BUILT_PRODUCTS_DIR; };
		2D02E47B1E0B4A5D006451C7 /* secondDemo-tvOS.app */ = {isa = PBXFileReference; explicitFileType = wrapper.application; includeInIndex = 0; path = "secondDemo-tvOS.app"; sourceTree = BUILT_PRODUCTS_DIR; };
		2D02E4901E0B4A5D006451C7 /* secondDemo-tvOSTests.xctest */ = {isa = PBXFileReference; explicitFileType = wrapper.cfbundle; includeInIndex = 0; path = "secondDemo-tvOSTests.xctest"; sourceTree = BUILT_PRODUCTS_DIR; };
		379B1949CBC4278E4E25881D /* Pods-secondDemo-tvOS.debug.xcconfig */ = {isa = PBXFileReference; includeInIndex = 1; lastKnownFileType = text.xcconfig; name = "Pods-secondDemo-tvOS.debug.xcconfig"; path = "Target Support Files/Pods-secondDemo-tvOS/Pods-secondDemo-tvOS.debug.xcconfig"; sourceTree = "<group>"; };
		4118186CB7D508C7AADBD2E9 /* libPods-secondDemo-tvOS.a */ = {isa = PBXFileReference; explicitFileType = archive.ar; includeInIndex = 0; path = "libPods-secondDemo-tvOS.a"; sourceTree = BUILT_PRODUCTS_DIR; };
		4D231C3F2FE04B56A3AB2C1A /* libPods-secondDemoTests.a */ = {isa = PBXFileReference; explicitFileType = archive.ar; includeInIndex = 0; path = "libPods-secondDemoTests.a"; sourceTree = BUILT_PRODUCTS_DIR; };
		78906E7294C3CD4E7E036D48 /* Pods-secondDemoTests.release.xcconfig */ = {isa = PBXFileReference; includeInIndex = 1; lastKnownFileType = text.xcconfig; name = "Pods-secondDemoTests.release.xcconfig"; path = "Target Support Files/Pods-secondDemoTests/Pods-secondDemoTests.release.xcconfig"; sourceTree = "<group>"; };
		CDA0AE237CE0F7945565C439 /* libPods-secondDemo-tvOSTests.a */ = {isa = PBXFileReference; explicitFileType = archive.ar; includeInIndex = 0; path = "libPods-secondDemo-tvOSTests.a"; sourceTree = BUILT_PRODUCTS_DIR; };
		DD7A603AF7190BB4CDB57A45 /* Pods-secondDemo-tvOSTests.debug.xcconfig */ = {isa = PBXFileReference; includeInIndex = 1; lastKnownFileType = text.xcconfig; name = "Pods-secondDemo-tvOSTests.debug.xcconfig"; path = "Target Support Files/Pods-secondDemo-tvOSTests/Pods-secondDemo-tvOSTests.debug.xcconfig"; sourceTree = "<group>"; };
		DEC0655B07B3BBC31E26E3F3 /* Pods-secondDemo-tvOS.release.xcconfig */ = {isa = PBXFileReference; includeInIndex = 1; lastKnownFileType = text.xcconfig; name = "Pods-secondDemo-tvOS.release.xcconfig"; path = "Target Support Files/Pods-secondDemo-tvOS/Pods-secondDemo-tvOS.release.xcconfig"; sourceTree = "<group>"; };
		E9737D70B756244E26754643 /* Pods-secondDemo.release.xcconfig */ = {isa = PBXFileReference; includeInIndex = 1; lastKnownFileType = text.xcconfig; name = "Pods-secondDemo.release.xcconfig"; path = "Target Support Files/Pods-secondDemo/Pods-secondDemo.release.xcconfig"; sourceTree = "<group>"; };
		ED297162215061F000B7C4FE /* JavaScriptCore.framework */ = {isa = PBXFileReference; lastKnownFileType = wrapper.framework; name = JavaScriptCore.framework; path = System/Library/Frameworks/JavaScriptCore.framework; sourceTree = SDKROOT; };
		ED2971642150620600B7C4FE /* JavaScriptCore.framework */ = {isa = PBXFileReference; lastKnownFileType = wrapper.framework; name = JavaScriptCore.framework; path = Platforms/AppleTVOS.platform/Developer/SDKs/AppleTVOS12.0.sdk/System/Library/Frameworks/JavaScriptCore.framework; sourceTree = DEVELOPER_DIR; };
		F20E237B242C6E2E1294350A /* Pods-secondDemo-tvOSTests.release.xcconfig */ = {isa = PBXFileReference; includeInIndex = 1; lastKnownFileType = text.xcconfig; name = "Pods-secondDemo-tvOSTests.release.xcconfig"; path = "Target Support Files/Pods-secondDemo-tvOSTests/Pods-secondDemo-tvOSTests.release.xcconfig"; sourceTree = "<group>"; };
		26786B689BC04DE69019D18E /* NotoSerif-Bold.ttf */ = {isa = PBXFileReference; name = "NotoSerif-Bold.ttf"; path = "../assets/fonts/NotoSerif-Bold.ttf"; sourceTree = "<group>"; fileEncoding = undefined; lastKnownFileType = unknown; explicitFileType = undefined; includeInIndex = 0; };
		94C98E4321C4472BB0CF4CB4 /* NotoSerif-BoldItalic.ttf */ = {isa = PBXFileReference; name = "NotoSerif-BoldItalic.ttf"; path = "../assets/fonts/NotoSerif-BoldItalic.ttf"; sourceTree = "<group>"; fileEncoding = undefined; lastKnownFileType = unknown; explicitFileType = undefined; includeInIndex = 0; };
		A5A426C1D4CD487CB0529E34 /* NotoSerif-Italic.ttf */ = {isa = PBXFileReference; name = "NotoSerif-Italic.ttf"; path = "../assets/fonts/NotoSerif-Italic.ttf"; sourceTree = "<group>"; fileEncoding = undefined; lastKnownFileType = unknown; explicitFileType = undefined; includeInIndex = 0; };
		8DFEE5F19F964CC0A3CD80CA /* NotoSerif-Regular.ttf */ = {isa = PBXFileReference; name = "NotoSerif-Regular.ttf"; path = "../assets/fonts/NotoSerif-Regular.ttf"; sourceTree = "<group>"; fileEncoding = undefined; lastKnownFileType = unknown; explicitFileType = undefined; includeInIndex = 0; };
		0B8D151FC4FF4B59B4AD3238 /* Lobster-Regular.ttf */ = {isa = PBXFileReference; name = "Lobster-Regular.ttf"; path = "../assets/fonts/Lobster-Regular.ttf"; sourceTree = "<group>"; fileEncoding = undefined; lastKnownFileType = unknown; explicitFileType = undefined; includeInIndex = 0; };
		D724070303C546E5A5A97322 /* AntDesign.ttf */ = {isa = PBXFileReference; name = "AntDesign.ttf"; path = "../node_modules/react-native-vector-icons/Fonts/AntDesign.ttf"; sourceTree = "<group>"; fileEncoding = undefined; lastKnownFileType = unknown; explicitFileType = undefined; includeInIndex = 0; };
		F8C70886F36B45569DD03645 /* Entypo.ttf */ = {isa = PBXFileReference; name = "Entypo.ttf"; path = "../node_modules/react-native-vector-icons/Fonts/Entypo.ttf"; sourceTree = "<group>"; fileEncoding = undefined; lastKnownFileType = unknown; explicitFileType = undefined; includeInIndex = 0; };
		A243A36E0CDA429296994BDE /* EvilIcons.ttf */ = {isa = PBXFileReference; name = "EvilIcons.ttf"; path = "../node_modules/react-native-vector-icons/Fonts/EvilIcons.ttf"; sourceTree = "<group>"; fileEncoding = undefined; lastKnownFileType = unknown; explicitFileType = undefined; includeInIndex = 0; };
		91EA6D4329684A4C9ECB2A0D /* Feather.ttf */ = {isa = PBXFileReference; name = "Feather.ttf"; path = "../node_modules/react-native-vector-icons/Fonts/Feather.ttf"; sourceTree = "<group>"; fileEncoding = undefined; lastKnownFileType = unknown; explicitFileType = undefined; includeInIndex = 0; };
		92F1662FA44041268AA7F226 /* FontAwesome.ttf */ = {isa = PBXFileReference; name = "FontAwesome.ttf"; path = "../node_modules/react-native-vector-icons/Fonts/FontAwesome.ttf"; sourceTree = "<group>"; fileEncoding = undefined; lastKnownFileType = unknown; explicitFileType = undefined; includeInIndex = 0; };
		8400D47EFC1D4ACB91CDB78A /* FontAwesome5_Brands.ttf */ = {isa = PBXFileReference; name = "FontAwesome5_Brands.ttf"; path = "../node_modules/react-native-vector-icons/Fonts/FontAwesome5_Brands.ttf"; sourceTree = "<group>"; fileEncoding = undefined; lastKnownFileType = unknown; explicitFileType = undefined; includeInIndex = 0; };
		E0616975CA16444085E22A7E /* FontAwesome5_Regular.ttf */ = {isa = PBXFileReference; name = "FontAwesome5_Regular.ttf"; path = "../node_modules/react-native-vector-icons/Fonts/FontAwesome5_Regular.ttf"; sourceTree = "<group>"; fileEncoding = undefined; lastKnownFileType = unknown; explicitFileType = undefined; includeInIndex = 0; };
		79D7D5A69B754A5A965FD37F /* FontAwesome5_Solid.ttf */ = {isa = PBXFileReference; name = "FontAwesome5_Solid.ttf"; path = "../node_modules/react-native-vector-icons/Fonts/FontAwesome5_Solid.ttf"; sourceTree = "<group>"; fileEncoding = undefined; lastKnownFileType = unknown; explicitFileType = undefined; includeInIndex = 0; };
		CA1AB117675F4A4CB4B7D693 /* Fontisto.ttf */ = {isa = PBXFileReference; name = "Fontisto.ttf"; path = "../node_modules/react-native-vector-icons/Fonts/Fontisto.ttf"; sourceTree = "<group>"; fileEncoding = undefined; lastKnownFileType = unknown; explicitFileType = undefined; includeInIndex = 0; };
		F898C7D224904096B441E83B /* Foundation.ttf */ = {isa = PBXFileReference; name = "Foundation.ttf"; path = "../node_modules/react-native-vector-icons/Fonts/Foundation.ttf"; sourceTree = "<group>"; fileEncoding = undefined; lastKnownFileType = unknown; explicitFileType = undefined; includeInIndex = 0; };
		360127DAA34044A3910D93BD /* Ionicons.ttf */ = {isa = PBXFileReference; name = "Ionicons.ttf"; path = "../node_modules/react-native-vector-icons/Fonts/Ionicons.ttf"; sourceTree = "<group>"; fileEncoding = undefined; lastKnownFileType = unknown; explicitFileType = undefined; includeInIndex = 0; };
		381821880D9F4F2385465EBB /* MaterialCommunityIcons.ttf */ = {isa = PBXFileReference; name = "MaterialCommunityIcons.ttf"; path = "../node_modules/react-native-vector-icons/Fonts/MaterialCommunityIcons.ttf"; sourceTree = "<group>"; fileEncoding = undefined; lastKnownFileType = unknown; explicitFileType = undefined; includeInIndex = 0; };
		133B385C418A465797500E14 /* MaterialIcons.ttf */ = {isa = PBXFileReference; name = "MaterialIcons.ttf"; path = "../node_modules/react-native-vector-icons/Fonts/MaterialIcons.ttf"; sourceTree = "<group>"; fileEncoding = undefined; lastKnownFileType = unknown; explicitFileType = undefined; includeInIndex = 0; };
		7CC7F4909CDD477A90917CA0 /* Octicons.ttf */ = {isa = PBXFileReference; name = "Octicons.ttf"; path = "../node_modules/react-native-vector-icons/Fonts/Octicons.ttf"; sourceTree = "<group>"; fileEncoding = undefined; lastKnownFileType = unknown; explicitFileType = undefined; includeInIndex = 0; };
		E723DEF8BCF44555ACAC9C80 /* SimpleLineIcons.ttf */ = {isa = PBXFileReference; name = "SimpleLineIcons.ttf"; path = "../node_modules/react-native-vector-icons/Fonts/SimpleLineIcons.ttf"; sourceTree = "<group>"; fileEncoding = undefined; lastKnownFileType = unknown; explicitFileType = undefined; includeInIndex = 0; };
		15E377E12F864F21A78DDCCB /* Zocial.ttf */ = {isa = PBXFileReference; name = "Zocial.ttf"; path = "../node_modules/react-native-vector-icons/Fonts/Zocial.ttf"; sourceTree = "<group>"; fileEncoding = undefined; lastKnownFileType = unknown; explicitFileType = undefined; includeInIndex = 0; };
		8F76D0D17EBB48189C83AC9D /* AntDesign.ttf */ = {isa = PBXFileReference; name = "AntDesign.ttf"; path = "../node_modules/native-base/Fonts/AntDesign.ttf"; sourceTree = "<group>"; fileEncoding = undefined; lastKnownFileType = unknown; explicitFileType = undefined; includeInIndex = 0; };
		A91F5B771AF143B29292C3AC /* Entypo.ttf */ = {isa = PBXFileReference; name = "Entypo.ttf"; path = "../node_modules/native-base/Fonts/Entypo.ttf"; sourceTree = "<group>"; fileEncoding = undefined; lastKnownFileType = unknown; explicitFileType = undefined; includeInIndex = 0; };
		7867E6CF26724F4C839FF953 /* EvilIcons.ttf */ = {isa = PBXFileReference; name = "EvilIcons.ttf"; path = "../node_modules/native-base/Fonts/EvilIcons.ttf"; sourceTree = "<group>"; fileEncoding = undefined; lastKnownFileType = unknown; explicitFileType = undefined; includeInIndex = 0; };
		9F0D63CE3FB949EEBB905A48 /* Feather.ttf */ = {isa = PBXFileReference; name = "Feather.ttf"; path = "../node_modules/native-base/Fonts/Feather.ttf"; sourceTree = "<group>"; fileEncoding = undefined; lastKnownFileType = unknown; explicitFileType = undefined; includeInIndex = 0; };
		F5D0B6DA5DF44E0DB8F8FC64 /* FontAwesome.ttf */ = {isa = PBXFileReference; name = "FontAwesome.ttf"; path = "../node_modules/native-base/Fonts/FontAwesome.ttf"; sourceTree = "<group>"; fileEncoding = undefined; lastKnownFileType = unknown; explicitFileType = undefined; includeInIndex = 0; };
		265B0C2082104500AA1F2681 /* FontAwesome5_Brands.ttf */ = {isa = PBXFileReference; name = "FontAwesome5_Brands.ttf"; path = "../node_modules/native-base/Fonts/FontAwesome5_Brands.ttf"; sourceTree = "<group>"; fileEncoding = undefined; lastKnownFileType = unknown; explicitFileType = undefined; includeInIndex = 0; };
		AED9AE12AB7748EFA010EEAC /* FontAwesome5_Regular.ttf */ = {isa = PBXFileReference; name = "FontAwesome5_Regular.ttf"; path = "../node_modules/native-base/Fonts/FontAwesome5_Regular.ttf"; sourceTree = "<group>"; fileEncoding = undefined; lastKnownFileType = unknown; explicitFileType = undefined; includeInIndex = 0; };
		731177FFC3B4435A8C0DED6B /* FontAwesome5_Solid.ttf */ = {isa = PBXFileReference; name = "FontAwesome5_Solid.ttf"; path = "../node_modules/native-base/Fonts/FontAwesome5_Solid.ttf"; sourceTree = "<group>"; fileEncoding = undefined; lastKnownFileType = unknown; explicitFileType = undefined; includeInIndex = 0; };
		B9EEDA392A4F4B2D8B2C6338 /* Fontisto.ttf */ = {isa = PBXFileReference; name = "Fontisto.ttf"; path = "../node_modules/native-base/Fonts/Fontisto.ttf"; sourceTree = "<group>"; fileEncoding = undefined; lastKnownFileType = unknown; explicitFileType = undefined; includeInIndex = 0; };
		0DDB2D7BEB694F9CB1409EBC /* Foundation.ttf */ = {isa = PBXFileReference; name = "Foundation.ttf"; path = "../node_modules/native-base/Fonts/Foundation.ttf"; sourceTree = "<group>"; fileEncoding = undefined; lastKnownFileType = unknown; explicitFileType = undefined; includeInIndex = 0; };
		9B05C2D6E58C43969AD69DBF /* Ionicons.ttf */ = {isa = PBXFileReference; name = "Ionicons.ttf"; path = "../node_modules/native-base/Fonts/Ionicons.ttf"; sourceTree = "<group>"; fileEncoding = undefined; lastKnownFileType = unknown; explicitFileType = undefined; includeInIndex = 0; };
		435B0C3F99D042BB9E11FC77 /* MaterialCommunityIcons.ttf */ = {isa = PBXFileReference; name = "MaterialCommunityIcons.ttf"; path = "../node_modules/native-base/Fonts/MaterialCommunityIcons.ttf"; sourceTree = "<group>"; fileEncoding = undefined; lastKnownFileType = unknown; explicitFileType = undefined; includeInIndex = 0; };
		E85C5B2C2E404EB0A4292936 /* MaterialIcons.ttf */ = {isa = PBXFileReference; name = "MaterialIcons.ttf"; path = "../node_modules/native-base/Fonts/MaterialIcons.ttf"; sourceTree = "<group>"; fileEncoding = undefined; lastKnownFileType = unknown; explicitFileType = undefined; includeInIndex = 0; };
		E7130285393049A2B4DEDD54 /* Octicons.ttf */ = {isa = PBXFileReference; name = "Octicons.ttf"; path = "../node_modules/native-base/Fonts/Octicons.ttf"; sourceTree = "<group>"; fileEncoding = undefined; lastKnownFileType = unknown; explicitFileType = undefined; includeInIndex = 0; };
		979E3C045E97423A8F529E3B /* Roboto_medium.ttf */ = {isa = PBXFileReference; name = "Roboto_medium.ttf"; path = "../node_modules/native-base/Fonts/Roboto_medium.ttf"; sourceTree = "<group>"; fileEncoding = undefined; lastKnownFileType = unknown; explicitFileType = undefined; includeInIndex = 0; };
		11DA10D8D7B94BC688EE8670 /* Roboto.ttf */ = {isa = PBXFileReference; name = "Roboto.ttf"; path = "../node_modules/native-base/Fonts/Roboto.ttf"; sourceTree = "<group>"; fileEncoding = undefined; lastKnownFileType = unknown; explicitFileType = undefined; includeInIndex = 0; };
		D4684D5C24FA4904AEC95E40 /* rubicon-icon-font.ttf */ = {isa = PBXFileReference; name = "rubicon-icon-font.ttf"; path = "../node_modules/native-base/Fonts/rubicon-icon-font.ttf"; sourceTree = "<group>"; fileEncoding = undefined; lastKnownFileType = unknown; explicitFileType = undefined; includeInIndex = 0; };
		85F2D6BAEFBB4A249680ABAC /* SimpleLineIcons.ttf */ = {isa = PBXFileReference; name = "SimpleLineIcons.ttf"; path = "../node_modules/native-base/Fonts/SimpleLineIcons.ttf"; sourceTree = "<group>"; fileEncoding = undefined; lastKnownFileType = unknown; explicitFileType = undefined; includeInIndex = 0; };
		6DEC58F896D144BEAFFAE7F2 /* Zocial.ttf */ = {isa = PBXFileReference; name = "Zocial.ttf"; path = "../node_modules/native-base/Fonts/Zocial.ttf"; sourceTree = "<group>"; fileEncoding = undefined; lastKnownFileType = unknown; explicitFileType = undefined; includeInIndex = 0; };
/* End PBXFileReference section */

/* Begin PBXFrameworksBuildPhase section */
		00E356EB1AD99517003FC87E /* Frameworks */ = {
			isa = PBXFrameworksBuildPhase;
			buildActionMask = 2147483647;
			files = (
				6717D1C750321EDD9FE739A7 /* libPods-secondDemoTests.a in Frameworks */,
			);
			runOnlyForDeploymentPostprocessing = 0;
		};
		13B07F8C1A680F5B00A75B9A /* Frameworks */ = {
			isa = PBXFrameworksBuildPhase;
			buildActionMask = 2147483647;
			files = (
				F38256A9ABD218330E3D566F /* libPods-secondDemo.a in Frameworks */,
			);
			runOnlyForDeploymentPostprocessing = 0;
		};
		2D02E4781E0B4A5D006451C7 /* Frameworks */ = {
			isa = PBXFrameworksBuildPhase;
			buildActionMask = 2147483647;
			files = (
				242A2B36E9769A0AA6BB801F /* libPods-secondDemo-tvOS.a in Frameworks */,
			);
			runOnlyForDeploymentPostprocessing = 0;
		};
		2D02E48D1E0B4A5D006451C7 /* Frameworks */ = {
			isa = PBXFrameworksBuildPhase;
			buildActionMask = 2147483647;
			files = (
				CDF6420DBE545451764200E0 /* libPods-secondDemo-tvOSTests.a in Frameworks */,
			);
			runOnlyForDeploymentPostprocessing = 0;
		};
/* End PBXFrameworksBuildPhase section */

/* Begin PBXGroup section */
		00E356EF1AD99517003FC87E /* secondDemoTests */ = {
			isa = PBXGroup;
			children = (
				00E356F21AD99517003FC87E /* secondDemoTests.m */,
				00E356F01AD99517003FC87E /* Supporting Files */,
			);
			path = secondDemoTests;
			sourceTree = "<group>";
		};
		00E356F01AD99517003FC87E /* Supporting Files */ = {
			isa = PBXGroup;
			children = (
				00E356F11AD99517003FC87E /* Info.plist */,
			);
			name = "Supporting Files";
			sourceTree = "<group>";
		};
		13B07FAE1A68108700A75B9A /* secondDemo */ = {
			isa = PBXGroup;
			children = (
				008F07F21AC5B25A0029DE68 /* main.jsbundle */,
				13B07FAF1A68108700A75B9A /* AppDelegate.h */,
				13B07FB01A68108700A75B9A /* AppDelegate.m */,
				13B07FB51A68108700A75B9A /* Images.xcassets */,
				13B07FB61A68108700A75B9A /* Info.plist */,
				13B07FB11A68108700A75B9A /* LaunchScreen.xib */,
				13B07FB71A68108700A75B9A /* main.m */,
			);
			name = secondDemo;
			sourceTree = "<group>";
		};
		2D16E6871FA4F8E400B85C8A /* Frameworks */ = {
			isa = PBXGroup;
			children = (
				ED297162215061F000B7C4FE /* JavaScriptCore.framework */,
				ED2971642150620600B7C4FE /* JavaScriptCore.framework */,
				2A1B1B9085044DCE47F21711 /* libPods-secondDemo.a */,
				4118186CB7D508C7AADBD2E9 /* libPods-secondDemo-tvOS.a */,
				CDA0AE237CE0F7945565C439 /* libPods-secondDemo-tvOSTests.a */,
				4D231C3F2FE04B56A3AB2C1A /* libPods-secondDemoTests.a */,
			);
			name = Frameworks;
			sourceTree = "<group>";
		};
		7746AD23CA363BC389CB8DF5 /* Pods */ = {
			isa = PBXGroup;
			children = (
				002399C757BEE880BCE184D2 /* Pods-secondDemo.debug.xcconfig */,
				E9737D70B756244E26754643 /* Pods-secondDemo.release.xcconfig */,
				379B1949CBC4278E4E25881D /* Pods-secondDemo-tvOS.debug.xcconfig */,
				DEC0655B07B3BBC31E26E3F3 /* Pods-secondDemo-tvOS.release.xcconfig */,
				DD7A603AF7190BB4CDB57A45 /* Pods-secondDemo-tvOSTests.debug.xcconfig */,
				F20E237B242C6E2E1294350A /* Pods-secondDemo-tvOSTests.release.xcconfig */,
				07B96CCB1710A9EA03BC8136 /* Pods-secondDemoTests.debug.xcconfig */,
				78906E7294C3CD4E7E036D48 /* Pods-secondDemoTests.release.xcconfig */,
			);
			name = Pods;
			path = Pods;
			sourceTree = "<group>";
		};
		832341AE1AAA6A7D00B99B32 /* Libraries */ = {
			isa = PBXGroup;
			children = (
			);
			name = Libraries;
			sourceTree = "<group>";
		};
		83CBB9F61A601CBA00E9B192 = {
			isa = PBXGroup;
			children = (
				13B07FAE1A68108700A75B9A /* secondDemo */,
				832341AE1AAA6A7D00B99B32 /* Libraries */,
				00E356EF1AD99517003FC87E /* secondDemoTests */,
				83CBBA001A601CBA00E9B192 /* Products */,
				2D16E6871FA4F8E400B85C8A /* Frameworks */,
				7746AD23CA363BC389CB8DF5 /* Pods */,
				8CB776B1A3264303A558CCE0 /* Resources */,
			);
			indentWidth = 2;
			sourceTree = "<group>";
			tabWidth = 2;
			usesTabs = 0;
		};
		83CBBA001A601CBA00E9B192 /* Products */ = {
			isa = PBXGroup;
			children = (
				13B07F961A680F5B00A75B9A /* secondDemo.app */,
				00E356EE1AD99517003FC87E /* secondDemoTests.xctest */,
				2D02E47B1E0B4A5D006451C7 /* secondDemo-tvOS.app */,
				2D02E4901E0B4A5D006451C7 /* secondDemo-tvOSTests.xctest */,
			);
			name = Products;
			sourceTree = "<group>";
		};
		8CB776B1A3264303A558CCE0 /* Resources */ = {
			isa = "PBXGroup";
			children = (
				26786B689BC04DE69019D18E /* NotoSerif-Bold.ttf */,
				94C98E4321C4472BB0CF4CB4 /* NotoSerif-BoldItalic.ttf */,
				A5A426C1D4CD487CB0529E34 /* NotoSerif-Italic.ttf */,
				8DFEE5F19F964CC0A3CD80CA /* NotoSerif-Regular.ttf */,
				0B8D151FC4FF4B59B4AD3238 /* Lobster-Regular.ttf */,
				D724070303C546E5A5A97322 /* AntDesign.ttf */,
				F8C70886F36B45569DD03645 /* Entypo.ttf */,
				A243A36E0CDA429296994BDE /* EvilIcons.ttf */,
				91EA6D4329684A4C9ECB2A0D /* Feather.ttf */,
				92F1662FA44041268AA7F226 /* FontAwesome.ttf */,
				8400D47EFC1D4ACB91CDB78A /* FontAwesome5_Brands.ttf */,
				E0616975CA16444085E22A7E /* FontAwesome5_Regular.ttf */,
				79D7D5A69B754A5A965FD37F /* FontAwesome5_Solid.ttf */,
				CA1AB117675F4A4CB4B7D693 /* Fontisto.ttf */,
				F898C7D224904096B441E83B /* Foundation.ttf */,
				360127DAA34044A3910D93BD /* Ionicons.ttf */,
				381821880D9F4F2385465EBB /* MaterialCommunityIcons.ttf */,
				133B385C418A465797500E14 /* MaterialIcons.ttf */,
				7CC7F4909CDD477A90917CA0 /* Octicons.ttf */,
				E723DEF8BCF44555ACAC9C80 /* SimpleLineIcons.ttf */,
				15E377E12F864F21A78DDCCB /* Zocial.ttf */,
				8F76D0D17EBB48189C83AC9D /* AntDesign.ttf */,
				A91F5B771AF143B29292C3AC /* Entypo.ttf */,
				7867E6CF26724F4C839FF953 /* EvilIcons.ttf */,
				9F0D63CE3FB949EEBB905A48 /* Feather.ttf */,
				F5D0B6DA5DF44E0DB8F8FC64 /* FontAwesome.ttf */,
				265B0C2082104500AA1F2681 /* FontAwesome5_Brands.ttf */,
				AED9AE12AB7748EFA010EEAC /* FontAwesome5_Regular.ttf */,
				731177FFC3B4435A8C0DED6B /* FontAwesome5_Solid.ttf */,
				B9EEDA392A4F4B2D8B2C6338 /* Fontisto.ttf */,
				0DDB2D7BEB694F9CB1409EBC /* Foundation.ttf */,
				9B05C2D6E58C43969AD69DBF /* Ionicons.ttf */,
				435B0C3F99D042BB9E11FC77 /* MaterialCommunityIcons.ttf */,
				E85C5B2C2E404EB0A4292936 /* MaterialIcons.ttf */,
				E7130285393049A2B4DEDD54 /* Octicons.ttf */,
				979E3C045E97423A8F529E3B /* Roboto_medium.ttf */,
				11DA10D8D7B94BC688EE8670 /* Roboto.ttf */,
				D4684D5C24FA4904AEC95E40 /* rubicon-icon-font.ttf */,
				85F2D6BAEFBB4A249680ABAC /* SimpleLineIcons.ttf */,
				6DEC58F896D144BEAFFAE7F2 /* Zocial.ttf */,
			);
			name = Resources;
			sourceTree = "<group>";
			path = "";
		};
/* End PBXGroup section */

/* Begin PBXNativeTarget section */
		00E356ED1AD99517003FC87E /* secondDemoTests */ = {
			isa = PBXNativeTarget;
			buildConfigurationList = 00E357021AD99517003FC87E /* Build configuration list for PBXNativeTarget "secondDemoTests" */;
			buildPhases = (
				5170E2085486E3A7CE6F4A9E /* [CP] Check Pods Manifest.lock */,
				00E356EA1AD99517003FC87E /* Sources */,
				00E356EB1AD99517003FC87E /* Frameworks */,
				00E356EC1AD99517003FC87E /* Resources */,
			);
			buildRules = (
			);
			dependencies = (
				00E356F51AD99517003FC87E /* PBXTargetDependency */,
			);
			name = secondDemoTests;
			productName = secondDemoTests;
			productReference = 00E356EE1AD99517003FC87E /* secondDemoTests.xctest */;
			productType = "com.apple.product-type.bundle.unit-test";
		};
		13B07F861A680F5B00A75B9A /* secondDemo */ = {
			isa = PBXNativeTarget;
			buildConfigurationList = 13B07F931A680F5B00A75B9A /* Build configuration list for PBXNativeTarget "secondDemo" */;
			buildPhases = (
				F7334EC0069127A02B9709F9 /* [CP] Check Pods Manifest.lock */,
				FD10A7F022414F080027D42C /* Start Packager */,
				13B07F871A680F5B00A75B9A /* Sources */,
				13B07F8C1A680F5B00A75B9A /* Frameworks */,
				13B07F8E1A680F5B00A75B9A /* Resources */,
				00DD1BFF1BD5951E006B06BC /* Bundle React Native code and images */,
			);
			buildRules = (
			);
			dependencies = (
			);
			name = secondDemo;
			productName = secondDemo;
			productReference = 13B07F961A680F5B00A75B9A /* secondDemo.app */;
			productType = "com.apple.product-type.application";
		};
		2D02E47A1E0B4A5D006451C7 /* secondDemo-tvOS */ = {
			isa = PBXNativeTarget;
			buildConfigurationList = 2D02E4BA1E0B4A5E006451C7 /* Build configuration list for PBXNativeTarget "secondDemo-tvOS" */;
			buildPhases = (
				DEAB2C84DF1AFCAE7089CD97 /* [CP] Check Pods Manifest.lock */,
				FD10A7F122414F3F0027D42C /* Start Packager */,
				2D02E4771E0B4A5D006451C7 /* Sources */,
				2D02E4781E0B4A5D006451C7 /* Frameworks */,
				2D02E4791E0B4A5D006451C7 /* Resources */,
				2D02E4CB1E0B4B27006451C7 /* Bundle React Native Code And Images */,
			);
			buildRules = (
			);
			dependencies = (
			);
			name = "secondDemo-tvOS";
			productName = "secondDemo-tvOS";
			productReference = 2D02E47B1E0B4A5D006451C7 /* secondDemo-tvOS.app */;
			productType = "com.apple.product-type.application";
		};
		2D02E48F1E0B4A5D006451C7 /* secondDemo-tvOSTests */ = {
			isa = PBXNativeTarget;
			buildConfigurationList = 2D02E4BB1E0B4A5E006451C7 /* Build configuration list for PBXNativeTarget "secondDemo-tvOSTests" */;
			buildPhases = (
				CE582100A33A271726EE885D /* [CP] Check Pods Manifest.lock */,
				2D02E48C1E0B4A5D006451C7 /* Sources */,
				2D02E48D1E0B4A5D006451C7 /* Frameworks */,
				2D02E48E1E0B4A5D006451C7 /* Resources */,
			);
			buildRules = (
			);
			dependencies = (
				2D02E4921E0B4A5D006451C7 /* PBXTargetDependency */,
			);
			name = "secondDemo-tvOSTests";
			productName = "secondDemo-tvOSTests";
			productReference = 2D02E4901E0B4A5D006451C7 /* secondDemo-tvOSTests.xctest */;
			productType = "com.apple.product-type.bundle.unit-test";
		};
/* End PBXNativeTarget section */

/* Begin PBXProject section */
		83CBB9F71A601CBA00E9B192 /* Project object */ = {
			isa = PBXProject;
			attributes = {
				LastUpgradeCheck = 940;
				ORGANIZATIONNAME = Facebook;
				TargetAttributes = {
					00E356ED1AD99517003FC87E = {
						CreatedOnToolsVersion = 6.2;
						TestTargetID = 13B07F861A680F5B00A75B9A;
					};
					2D02E47A1E0B4A5D006451C7 = {
						CreatedOnToolsVersion = 8.2.1;
						ProvisioningStyle = Automatic;
					};
					2D02E48F1E0B4A5D006451C7 = {
						CreatedOnToolsVersion = 8.2.1;
						ProvisioningStyle = Automatic;
						TestTargetID = 2D02E47A1E0B4A5D006451C7;
					};
				};
			};
			buildConfigurationList = 83CBB9FA1A601CBA00E9B192 /* Build configuration list for PBXProject "secondDemo" */;
			compatibilityVersion = "Xcode 3.2";
			developmentRegion = English;
			hasScannedForEncodings = 0;
			knownRegions = (
				en,
				Base,
			);
			mainGroup = 83CBB9F61A601CBA00E9B192;
			productRefGroup = 83CBBA001A601CBA00E9B192 /* Products */;
			projectDirPath = "";
			projectRoot = "";
			targets = (
				13B07F861A680F5B00A75B9A /* secondDemo */,
				00E356ED1AD99517003FC87E /* secondDemoTests */,
				2D02E47A1E0B4A5D006451C7 /* secondDemo-tvOS */,
				2D02E48F1E0B4A5D006451C7 /* secondDemo-tvOSTests */,
			);
		};
/* End PBXProject section */

/* Begin PBXResourcesBuildPhase section */
		00E356EC1AD99517003FC87E /* Resources */ = {
			isa = PBXResourcesBuildPhase;
			buildActionMask = 2147483647;
			files = (
			);
			runOnlyForDeploymentPostprocessing = 0;
		};
		13B07F8E1A680F5B00A75B9A /* Resources */ = {
			isa = PBXResourcesBuildPhase;
			buildActionMask = 2147483647;
			files = (
				13B07FBF1A68108700A75B9A /* Images.xcassets in Resources */,
				13B07FBD1A68108700A75B9A /* LaunchScreen.xib in Resources */,
				918FF8906BB34791A2D9A72A /* NotoSerif-Bold.ttf in Resources */,
				0B57BC86F5F14FA89D102561 /* NotoSerif-BoldItalic.ttf in Resources */,
				4174627260784E76A2F54EE6 /* NotoSerif-Italic.ttf in Resources */,
				68CA0902BBC9440594EB244E /* NotoSerif-Regular.ttf in Resources */,
				86F028DD98F74D8498A1E21D /* Lobster-Regular.ttf in Resources */,
				EFFB6C77E70544DABEF53BD5 /* AntDesign.ttf in Resources */,
				FB60303C42AF4E6C94660ACA /* Entypo.ttf in Resources */,
				EC3A87ABD68944D18457B9B7 /* EvilIcons.ttf in Resources */,
				97D8669C3BB540F69978726B /* Feather.ttf in Resources */,
				4CCC37B8B70D40E0AC8AB0E9 /* FontAwesome.ttf in Resources */,
				C37FEA07C8034AF9AFE4BB6C /* FontAwesome5_Brands.ttf in Resources */,
				B881EA1EE9AA47D1B5D0F754 /* FontAwesome5_Regular.ttf in Resources */,
				3528B8D7B0DC400DB62F44F8 /* FontAwesome5_Solid.ttf in Resources */,
				7F906E2750C04E0FBF3A97F9 /* Fontisto.ttf in Resources */,
				58B3816ACA9B4764991CC507 /* Foundation.ttf in Resources */,
				943AC55B303B4B939A9F00A8 /* Ionicons.ttf in Resources */,
				F01720DFEBED40A0B21E404A /* MaterialCommunityIcons.ttf in Resources */,
				12D2CAA78BA8444187D34AB4 /* MaterialIcons.ttf in Resources */,
				7BEC48E77DBE40FB831759D0 /* Octicons.ttf in Resources */,
				5400BEC57BEC4FABB313ECDC /* SimpleLineIcons.ttf in Resources */,
				9CBDB6CA44B248809B9CB544 /* Zocial.ttf in Resources */,
				0310C73E47BD43A79928A846 /* AntDesign.ttf in Resources */,
				2076D68C65484D608ADD6F69 /* Entypo.ttf in Resources */,
				D1A37BF3E3B44B27947E4F85 /* EvilIcons.ttf in Resources */,
				EA639DC9868B425591C88605 /* Feather.ttf in Resources */,
				E4DCE23862EC47EE8E910E6A /* FontAwesome.ttf in Resources */,
				0C53E0432BF044A39DBFFD81 /* FontAwesome5_Brands.ttf in Resources */,
				BA405D3DB6614552A32B9664 /* FontAwesome5_Regular.ttf in Resources */,
				ACEA84D4558840328A798948 /* FontAwesome5_Solid.ttf in Resources */,
				B39C954C7DA84C43AFFCC277 /* Fontisto.ttf in Resources */,
				11BD2232DD414FE89DC0899A /* Foundation.ttf in Resources */,
				798F9E5AE7224E4AB4C33CCB /* Ionicons.ttf in Resources */,
				4D3E2D875BA0412C9B4263F2 /* MaterialCommunityIcons.ttf in Resources */,
				EACC76C2DBBC481A91DBF383 /* MaterialIcons.ttf in Resources */,
				E521C9C53DBB417BBF60AA89 /* Octicons.ttf in Resources */,
				C8986B0E06AE47A3AAFDF9E9 /* Roboto_medium.ttf in Resources */,
				E7E11333CD3B4D12B3190061 /* Roboto.ttf in Resources */,
				32A9687EF1AE4DF7891BF642 /* rubicon-icon-font.ttf in Resources */,
				43E0E270D6D74EF2807D02B6 /* SimpleLineIcons.ttf in Resources */,
				89570171ED84476CB5F6DA33 /* Zocial.ttf in Resources */,
			);
			runOnlyForDeploymentPostprocessing = 0;
		};
		2D02E4791E0B4A5D006451C7 /* Resources */ = {
			isa = PBXResourcesBuildPhase;
			buildActionMask = 2147483647;
			files = (
				2D02E4BD1E0B4A84006451C7 /* Images.xcassets in Resources */,
			);
			runOnlyForDeploymentPostprocessing = 0;
		};
		2D02E48E1E0B4A5D006451C7 /* Resources */ = {
			isa = PBXResourcesBuildPhase;
			buildActionMask = 2147483647;
			files = (
			);
			runOnlyForDeploymentPostprocessing = 0;
		};
/* End PBXResourcesBuildPhase section */

/* Begin PBXShellScriptBuildPhase section */
		00DD1BFF1BD5951E006B06BC /* Bundle React Native code and images */ = {
			isa = PBXShellScriptBuildPhase;
			buildActionMask = 2147483647;
			files = (
			);
			inputPaths = (
			);
			name = "Bundle React Native code and images";
			outputPaths = (
			);
			runOnlyForDeploymentPostprocessing = 0;
			shellPath = /bin/sh;
			shellScript = "export NODE_BINARY=node\n../node_modules/react-native/scripts/react-native-xcode.sh";
		};
		2D02E4CB1E0B4B27006451C7 /* Bundle React Native Code And Images */ = {
			isa = PBXShellScriptBuildPhase;
			buildActionMask = 2147483647;
			files = (
			);
			inputPaths = (
			);
			name = "Bundle React Native Code And Images";
			outputPaths = (
			);
			runOnlyForDeploymentPostprocessing = 0;
			shellPath = /bin/sh;
			shellScript = "export NODE_BINARY=node\n../node_modules/react-native/scripts/react-native-xcode.sh";
		};
		5170E2085486E3A7CE6F4A9E /* [CP] Check Pods Manifest.lock */ = {
			isa = PBXShellScriptBuildPhase;
			buildActionMask = 2147483647;
			files = (
			);
			inputFileListPaths = (
			);
			inputPaths = (
				"${PODS_PODFILE_DIR_PATH}/Podfile.lock",
				"${PODS_ROOT}/Manifest.lock",
			);
			name = "[CP] Check Pods Manifest.lock";
			outputFileListPaths = (
			);
			outputPaths = (
				"$(DERIVED_FILE_DIR)/Pods-secondDemoTests-checkManifestLockResult.txt",
			);
			runOnlyForDeploymentPostprocessing = 0;
			shellPath = /bin/sh;
			shellScript = "diff \"${PODS_PODFILE_DIR_PATH}/Podfile.lock\" \"${PODS_ROOT}/Manifest.lock\" > /dev/null\nif [ $? != 0 ] ; then\n    # print error to STDERR\n    echo \"error: The sandbox is not in sync with the Podfile.lock. Run 'pod install' or update your CocoaPods installation.\" >&2\n    exit 1\nfi\n# This output is used by Xcode 'outputs' to avoid re-running this script phase.\necho \"SUCCESS\" > \"${SCRIPT_OUTPUT_FILE_0}\"\n";
			showEnvVarsInLog = 0;
		};
		CE582100A33A271726EE885D /* [CP] Check Pods Manifest.lock */ = {
			isa = PBXShellScriptBuildPhase;
			buildActionMask = 2147483647;
			files = (
			);
			inputFileListPaths = (
			);
			inputPaths = (
				"${PODS_PODFILE_DIR_PATH}/Podfile.lock",
				"${PODS_ROOT}/Manifest.lock",
			);
			name = "[CP] Check Pods Manifest.lock";
			outputFileListPaths = (
			);
			outputPaths = (
				"$(DERIVED_FILE_DIR)/Pods-secondDemo-tvOSTests-checkManifestLockResult.txt",
			);
			runOnlyForDeploymentPostprocessing = 0;
			shellPath = /bin/sh;
			shellScript = "diff \"${PODS_PODFILE_DIR_PATH}/Podfile.lock\" \"${PODS_ROOT}/Manifest.lock\" > /dev/null\nif [ $? != 0 ] ; then\n    # print error to STDERR\n    echo \"error: The sandbox is not in sync with the Podfile.lock. Run 'pod install' or update your CocoaPods installation.\" >&2\n    exit 1\nfi\n# This output is used by Xcode 'outputs' to avoid re-running this script phase.\necho \"SUCCESS\" > \"${SCRIPT_OUTPUT_FILE_0}\"\n";
			showEnvVarsInLog = 0;
		};
		DEAB2C84DF1AFCAE7089CD97 /* [CP] Check Pods Manifest.lock */ = {
			isa = PBXShellScriptBuildPhase;
			buildActionMask = 2147483647;
			files = (
			);
			inputFileListPaths = (
			);
			inputPaths = (
				"${PODS_PODFILE_DIR_PATH}/Podfile.lock",
				"${PODS_ROOT}/Manifest.lock",
			);
			name = "[CP] Check Pods Manifest.lock";
			outputFileListPaths = (
			);
			outputPaths = (
				"$(DERIVED_FILE_DIR)/Pods-secondDemo-tvOS-checkManifestLockResult.txt",
			);
			runOnlyForDeploymentPostprocessing = 0;
			shellPath = /bin/sh;
			shellScript = "diff \"${PODS_PODFILE_DIR_PATH}/Podfile.lock\" \"${PODS_ROOT}/Manifest.lock\" > /dev/null\nif [ $? != 0 ] ; then\n    # print error to STDERR\n    echo \"error: The sandbox is not in sync with the Podfile.lock. Run 'pod install' or update your CocoaPods installation.\" >&2\n    exit 1\nfi\n# This output is used by Xcode 'outputs' to avoid re-running this script phase.\necho \"SUCCESS\" > \"${SCRIPT_OUTPUT_FILE_0}\"\n";
			showEnvVarsInLog = 0;
		};
		F7334EC0069127A02B9709F9 /* [CP] Check Pods Manifest.lock */ = {
			isa = PBXShellScriptBuildPhase;
			buildActionMask = 2147483647;
			files = (
			);
			inputFileListPaths = (
			);
			inputPaths = (
				"${PODS_PODFILE_DIR_PATH}/Podfile.lock",
				"${PODS_ROOT}/Manifest.lock",
			);
			name = "[CP] Check Pods Manifest.lock";
			outputFileListPaths = (
			);
			outputPaths = (
				"$(DERIVED_FILE_DIR)/Pods-secondDemo-checkManifestLockResult.txt",
			);
			runOnlyForDeploymentPostprocessing = 0;
			shellPath = /bin/sh;
			shellScript = "diff \"${PODS_PODFILE_DIR_PATH}/Podfile.lock\" \"${PODS_ROOT}/Manifest.lock\" > /dev/null\nif [ $? != 0 ] ; then\n    # print error to STDERR\n    echo \"error: The sandbox is not in sync with the Podfile.lock. Run 'pod install' or update your CocoaPods installation.\" >&2\n    exit 1\nfi\n# This output is used by Xcode 'outputs' to avoid re-running this script phase.\necho \"SUCCESS\" > \"${SCRIPT_OUTPUT_FILE_0}\"\n";
			showEnvVarsInLog = 0;
		};
		FD10A7F022414F080027D42C /* Start Packager */ = {
			isa = PBXShellScriptBuildPhase;
			buildActionMask = 2147483647;
			files = (
			);
			inputFileListPaths = (
			);
			inputPaths = (
			);
			name = "Start Packager";
			outputFileListPaths = (
			);
			outputPaths = (
			);
			runOnlyForDeploymentPostprocessing = 0;
			shellPath = /bin/sh;
			shellScript = "export RCT_METRO_PORT=\"${RCT_METRO_PORT:=8081}\"\necho \"export RCT_METRO_PORT=${RCT_METRO_PORT}\" > \"${SRCROOT}/../node_modules/react-native/scripts/.packager.env\"\nif [ -z \"${RCT_NO_LAUNCH_PACKAGER+xxx}\" ] ; then\n  if nc -w 5 -z localhost ${RCT_METRO_PORT} ; then\n    if ! curl -s \"http://localhost:${RCT_METRO_PORT}/status\" | grep -q \"packager-status:running\" ; then\n      echo \"Port ${RCT_METRO_PORT} already in use, packager is either not running or not running correctly\"\n      exit 2\n    fi\n  else\n    open \"$SRCROOT/../node_modules/react-native/scripts/launchPackager.command\" || echo \"Can't start packager automatically\"\n  fi\nfi\n";
			showEnvVarsInLog = 0;
		};
		FD10A7F122414F3F0027D42C /* Start Packager */ = {
			isa = PBXShellScriptBuildPhase;
			buildActionMask = 2147483647;
			files = (
			);
			inputFileListPaths = (
			);
			inputPaths = (
			);
			name = "Start Packager";
			outputFileListPaths = (
			);
			outputPaths = (
			);
			runOnlyForDeploymentPostprocessing = 0;
			shellPath = /bin/sh;
			shellScript = "export RCT_METRO_PORT=\"${RCT_METRO_PORT:=8081}\"\necho \"export RCT_METRO_PORT=${RCT_METRO_PORT}\" > \"${SRCROOT}/../node_modules/react-native/scripts/.packager.env\"\nif [ -z \"${RCT_NO_LAUNCH_PACKAGER+xxx}\" ] ; then\n  if nc -w 5 -z localhost ${RCT_METRO_PORT} ; then\n    if ! curl -s \"http://localhost:${RCT_METRO_PORT}/status\" | grep -q \"packager-status:running\" ; then\n      echo \"Port ${RCT_METRO_PORT} already in use, packager is either not running or not running correctly\"\n      exit 2\n    fi\n  else\n    open \"$SRCROOT/../node_modules/react-native/scripts/launchPackager.command\" || echo \"Can't start packager automatically\"\n  fi\nfi\n";
			showEnvVarsInLog = 0;
		};
/* End PBXShellScriptBuildPhase section */

/* Begin PBXSourcesBuildPhase section */
		00E356EA1AD99517003FC87E /* Sources */ = {
			isa = PBXSourcesBuildPhase;
			buildActionMask = 2147483647;
			files = (
				00E356F31AD99517003FC87E /* secondDemoTests.m in Sources */,
			);
			runOnlyForDeploymentPostprocessing = 0;
		};
		13B07F871A680F5B00A75B9A /* Sources */ = {
			isa = PBXSourcesBuildPhase;
			buildActionMask = 2147483647;
			files = (
				13B07FBC1A68108700A75B9A /* AppDelegate.m in Sources */,
				13B07FC11A68108700A75B9A /* main.m in Sources */,
			);
			runOnlyForDeploymentPostprocessing = 0;
		};
		2D02E4771E0B4A5D006451C7 /* Sources */ = {
			isa = PBXSourcesBuildPhase;
			buildActionMask = 2147483647;
			files = (
				2D02E4BF1E0B4AB3006451C7 /* main.m in Sources */,
				2D02E4BC1E0B4A80006451C7 /* AppDelegate.m in Sources */,
			);
			runOnlyForDeploymentPostprocessing = 0;
		};
		2D02E48C1E0B4A5D006451C7 /* Sources */ = {
			isa = PBXSourcesBuildPhase;
			buildActionMask = 2147483647;
			files = (
				2DCD954D1E0B4F2C00145EB5 /* secondDemoTests.m in Sources */,
			);
			runOnlyForDeploymentPostprocessing = 0;
		};
/* End PBXSourcesBuildPhase section */

/* Begin PBXTargetDependency section */
		00E356F51AD99517003FC87E /* PBXTargetDependency */ = {
			isa = PBXTargetDependency;
			target = 13B07F861A680F5B00A75B9A /* secondDemo */;
			targetProxy = 00E356F41AD99517003FC87E /* PBXContainerItemProxy */;
		};
		2D02E4921E0B4A5D006451C7 /* PBXTargetDependency */ = {
			isa = PBXTargetDependency;
			target = 2D02E47A1E0B4A5D006451C7 /* secondDemo-tvOS */;
			targetProxy = 2D02E4911E0B4A5D006451C7 /* PBXContainerItemProxy */;
		};
/* End PBXTargetDependency section */

/* Begin PBXVariantGroup section */
		13B07FB11A68108700A75B9A /* LaunchScreen.xib */ = {
			isa = PBXVariantGroup;
			children = (
				13B07FB21A68108700A75B9A /* Base */,
			);
			name = LaunchScreen.xib;
			path = secondDemo;
			sourceTree = "<group>";
		};
/* End PBXVariantGroup section */

/* Begin XCBuildConfiguration section */
		00E356F61AD99517003FC87E /* Debug */ = {
			isa = XCBuildConfiguration;
			baseConfigurationReference = 07B96CCB1710A9EA03BC8136 /* Pods-secondDemoTests.debug.xcconfig */;
			buildSettings = {
				BUNDLE_LOADER = "$(TEST_HOST)";
				GCC_PREPROCESSOR_DEFINITIONS = (
					"DEBUG=1",
					"$(inherited)",
				);
				INFOPLIST_FILE = secondDemoTests/Info.plist;
				IPHONEOS_DEPLOYMENT_TARGET = 9.0;
				LD_RUNPATH_SEARCH_PATHS = "$(inherited) @executable_path/Frameworks @loader_path/Frameworks";
				OTHER_LDFLAGS = (
					"-ObjC",
					"-lc++",
					"$(inherited)",
				);
				PRODUCT_BUNDLE_IDENTIFIER = "org.reactjs.native.example.$(PRODUCT_NAME:rfc1034identifier)";
				PRODUCT_NAME = "$(TARGET_NAME)";
				TEST_HOST = "$(BUILT_PRODUCTS_DIR)/secondDemo.app/secondDemo";
			};
			name = Debug;
		};
		00E356F71AD99517003FC87E /* Release */ = {
			isa = XCBuildConfiguration;
			baseConfigurationReference = 78906E7294C3CD4E7E036D48 /* Pods-secondDemoTests.release.xcconfig */;
			buildSettings = {
				BUNDLE_LOADER = "$(TEST_HOST)";
				COPY_PHASE_STRIP = NO;
				INFOPLIST_FILE = secondDemoTests/Info.plist;
				IPHONEOS_DEPLOYMENT_TARGET = 9.0;
				LD_RUNPATH_SEARCH_PATHS = "$(inherited) @executable_path/Frameworks @loader_path/Frameworks";
				OTHER_LDFLAGS = (
					"-ObjC",
					"-lc++",
					"$(inherited)",
				);
				PRODUCT_BUNDLE_IDENTIFIER = "org.reactjs.native.example.$(PRODUCT_NAME:rfc1034identifier)";
				PRODUCT_NAME = "$(TARGET_NAME)";
				TEST_HOST = "$(BUILT_PRODUCTS_DIR)/secondDemo.app/secondDemo";
			};
			name = Release;
		};
		13B07F941A680F5B00A75B9A /* Debug */ = {
			isa = XCBuildConfiguration;
			baseConfigurationReference = 002399C757BEE880BCE184D2 /* Pods-secondDemo.debug.xcconfig */;
			buildSettings = {
				ASSETCATALOG_COMPILER_APPICON_NAME = AppIcon;
				CURRENT_PROJECT_VERSION = 1;
				DEAD_CODE_STRIPPING = NO;
				INFOPLIST_FILE = secondDemo/Info.plist;
				LD_RUNPATH_SEARCH_PATHS = "$(inherited) @executable_path/Frameworks";
				OTHER_LDFLAGS = (
					"$(inherited)",
					"-ObjC",
					"-lc++",
				);
				PRODUCT_BUNDLE_IDENTIFIER = "org.reactjs.native.example.$(PRODUCT_NAME:rfc1034identifier)";
				PRODUCT_NAME = secondDemo;
				VERSIONING_SYSTEM = "apple-generic";
			};
			name = Debug;
		};
		13B07F951A680F5B00A75B9A /* Release */ = {
			isa = XCBuildConfiguration;
			baseConfigurationReference = E9737D70B756244E26754643 /* Pods-secondDemo.release.xcconfig */;
			buildSettings = {
				ASSETCATALOG_COMPILER_APPICON_NAME = AppIcon;
				CURRENT_PROJECT_VERSION = 1;
				INFOPLIST_FILE = secondDemo/Info.plist;
				LD_RUNPATH_SEARCH_PATHS = "$(inherited) @executable_path/Frameworks";
				OTHER_LDFLAGS = (
					"$(inherited)",
					"-ObjC",
					"-lc++",
				);
				PRODUCT_BUNDLE_IDENTIFIER = "org.reactjs.native.example.$(PRODUCT_NAME:rfc1034identifier)";
				PRODUCT_NAME = secondDemo;
				VERSIONING_SYSTEM = "apple-generic";
			};
			name = Release;
		};
		2D02E4971E0B4A5E006451C7 /* Debug */ = {
			isa = XCBuildConfiguration;
			baseConfigurationReference = 379B1949CBC4278E4E25881D /* Pods-secondDemo-tvOS.debug.xcconfig */;
			buildSettings = {
				ASSETCATALOG_COMPILER_APPICON_NAME = "App Icon & Top Shelf Image";
				ASSETCATALOG_COMPILER_LAUNCHIMAGE_NAME = LaunchImage;
				CLANG_ANALYZER_NONNULL = YES;
				CLANG_WARN_DOCUMENTATION_COMMENTS = YES;
				CLANG_WARN_INFINITE_RECURSION = YES;
				CLANG_WARN_SUSPICIOUS_MOVE = YES;
				DEBUG_INFORMATION_FORMAT = dwarf;
				ENABLE_TESTABILITY = YES;
				GCC_NO_COMMON_BLOCKS = YES;
				INFOPLIST_FILE = "secondDemo-tvOS/Info.plist";
				LD_RUNPATH_SEARCH_PATHS = "$(inherited) @executable_path/Frameworks";
				OTHER_LDFLAGS = (
					"$(inherited)",
					"-ObjC",
					"-lc++",
				);
				PRODUCT_BUNDLE_IDENTIFIER = "com.facebook.REACT.secondDemo-tvOS";
				PRODUCT_NAME = "$(TARGET_NAME)";
				SDKROOT = appletvos;
				TARGETED_DEVICE_FAMILY = 3;
				TVOS_DEPLOYMENT_TARGET = 9.2;
			};
			name = Debug;
		};
		2D02E4981E0B4A5E006451C7 /* Release */ = {
			isa = XCBuildConfiguration;
			baseConfigurationReference = DEC0655B07B3BBC31E26E3F3 /* Pods-secondDemo-tvOS.release.xcconfig */;
			buildSettings = {
				ASSETCATALOG_COMPILER_APPICON_NAME = "App Icon & Top Shelf Image";
				ASSETCATALOG_COMPILER_LAUNCHIMAGE_NAME = LaunchImage;
				CLANG_ANALYZER_NONNULL = YES;
				CLANG_WARN_DOCUMENTATION_COMMENTS = YES;
				CLANG_WARN_INFINITE_RECURSION = YES;
				CLANG_WARN_SUSPICIOUS_MOVE = YES;
				COPY_PHASE_STRIP = NO;
				DEBUG_INFORMATION_FORMAT = "dwarf-with-dsym";
				GCC_NO_COMMON_BLOCKS = YES;
				INFOPLIST_FILE = "secondDemo-tvOS/Info.plist";
				LD_RUNPATH_SEARCH_PATHS = "$(inherited) @executable_path/Frameworks";
				OTHER_LDFLAGS = (
					"$(inherited)",
					"-ObjC",
					"-lc++",
				);
				PRODUCT_BUNDLE_IDENTIFIER = "com.facebook.REACT.secondDemo-tvOS";
				PRODUCT_NAME = "$(TARGET_NAME)";
				SDKROOT = appletvos;
				TARGETED_DEVICE_FAMILY = 3;
				TVOS_DEPLOYMENT_TARGET = 9.2;
			};
			name = Release;
		};
		2D02E4991E0B4A5E006451C7 /* Debug */ = {
			isa = XCBuildConfiguration;
			baseConfigurationReference = DD7A603AF7190BB4CDB57A45 /* Pods-secondDemo-tvOSTests.debug.xcconfig */;
			buildSettings = {
				BUNDLE_LOADER = "$(TEST_HOST)";
				CLANG_ANALYZER_NONNULL = YES;
				CLANG_WARN_DOCUMENTATION_COMMENTS = YES;
				CLANG_WARN_INFINITE_RECURSION = YES;
				CLANG_WARN_SUSPICIOUS_MOVE = YES;
				DEBUG_INFORMATION_FORMAT = dwarf;
				ENABLE_TESTABILITY = YES;
				GCC_NO_COMMON_BLOCKS = YES;
				INFOPLIST_FILE = "secondDemo-tvOSTests/Info.plist";
				LD_RUNPATH_SEARCH_PATHS = "$(inherited) @executable_path/Frameworks @loader_path/Frameworks";
				OTHER_LDFLAGS = (
					"$(inherited)",
					"-ObjC",
					"-lc++",
				);
				PRODUCT_BUNDLE_IDENTIFIER = "com.facebook.REACT.secondDemo-tvOSTests";
				PRODUCT_NAME = "$(TARGET_NAME)";
				SDKROOT = appletvos;
				TEST_HOST = "$(BUILT_PRODUCTS_DIR)/secondDemo-tvOS.app/secondDemo-tvOS";
				TVOS_DEPLOYMENT_TARGET = 10.1;
			};
			name = Debug;
		};
		2D02E49A1E0B4A5E006451C7 /* Release */ = {
			isa = XCBuildConfiguration;
			baseConfigurationReference = F20E237B242C6E2E1294350A /* Pods-secondDemo-tvOSTests.release.xcconfig */;
			buildSettings = {
				BUNDLE_LOADER = "$(TEST_HOST)";
				CLANG_ANALYZER_NONNULL = YES;
				CLANG_WARN_DOCUMENTATION_COMMENTS = YES;
				CLANG_WARN_INFINITE_RECURSION = YES;
				CLANG_WARN_SUSPICIOUS_MOVE = YES;
				COPY_PHASE_STRIP = NO;
				DEBUG_INFORMATION_FORMAT = "dwarf-with-dsym";
				GCC_NO_COMMON_BLOCKS = YES;
				INFOPLIST_FILE = "secondDemo-tvOSTests/Info.plist";
				LD_RUNPATH_SEARCH_PATHS = "$(inherited) @executable_path/Frameworks @loader_path/Frameworks";
				OTHER_LDFLAGS = (
					"$(inherited)",
					"-ObjC",
					"-lc++",
				);
				PRODUCT_BUNDLE_IDENTIFIER = "com.facebook.REACT.secondDemo-tvOSTests";
				PRODUCT_NAME = "$(TARGET_NAME)";
				SDKROOT = appletvos;
				TEST_HOST = "$(BUILT_PRODUCTS_DIR)/secondDemo-tvOS.app/secondDemo-tvOS";
				TVOS_DEPLOYMENT_TARGET = 10.1;
			};
			name = Release;
		};
		83CBBA201A601CBA00E9B192 /* Debug */ = {
			isa = XCBuildConfiguration;
			buildSettings = {
				ALWAYS_SEARCH_USER_PATHS = NO;
				CLANG_CXX_LANGUAGE_STANDARD = "gnu++0x";
				CLANG_CXX_LIBRARY = "libc++";
				CLANG_ENABLE_MODULES = YES;
				CLANG_ENABLE_OBJC_ARC = YES;
				CLANG_WARN_BLOCK_CAPTURE_AUTORELEASING = YES;
				CLANG_WARN_BOOL_CONVERSION = YES;
				CLANG_WARN_COMMA = YES;
				CLANG_WARN_CONSTANT_CONVERSION = YES;
				CLANG_WARN_DEPRECATED_OBJC_IMPLEMENTATIONS = YES;
				CLANG_WARN_DIRECT_OBJC_ISA_USAGE = YES_ERROR;
				CLANG_WARN_EMPTY_BODY = YES;
				CLANG_WARN_ENUM_CONVERSION = YES;
				CLANG_WARN_INFINITE_RECURSION = YES;
				CLANG_WARN_INT_CONVERSION = YES;
				CLANG_WARN_NON_LITERAL_NULL_CONVERSION = YES;
				CLANG_WARN_OBJC_IMPLICIT_RETAIN_SELF = YES;
				CLANG_WARN_OBJC_LITERAL_CONVERSION = YES;
				CLANG_WARN_OBJC_ROOT_CLASS = YES_ERROR;
				CLANG_WARN_RANGE_LOOP_ANALYSIS = YES;
				CLANG_WARN_STRICT_PROTOTYPES = YES;
				CLANG_WARN_SUSPICIOUS_MOVE = YES;
				CLANG_WARN_UNREACHABLE_CODE = YES;
				CLANG_WARN__DUPLICATE_METHOD_MATCH = YES;
				"CODE_SIGN_IDENTITY[sdk=iphoneos*]" = "iPhone Developer";
				COPY_PHASE_STRIP = NO;
				ENABLE_STRICT_OBJC_MSGSEND = YES;
				ENABLE_TESTABILITY = YES;
				GCC_C_LANGUAGE_STANDARD = gnu99;
				GCC_DYNAMIC_NO_PIC = NO;
				GCC_NO_COMMON_BLOCKS = YES;
				GCC_OPTIMIZATION_LEVEL = 0;
				GCC_PREPROCESSOR_DEFINITIONS = (
					"DEBUG=1",
					"$(inherited)",
				);
				GCC_SYMBOLS_PRIVATE_EXTERN = NO;
				GCC_WARN_64_TO_32_BIT_CONVERSION = YES;
				GCC_WARN_ABOUT_RETURN_TYPE = YES_ERROR;
				GCC_WARN_UNDECLARED_SELECTOR = YES;
				GCC_WARN_UNINITIALIZED_AUTOS = YES_AGGRESSIVE;
				GCC_WARN_UNUSED_FUNCTION = YES;
				GCC_WARN_UNUSED_VARIABLE = YES;
				IPHONEOS_DEPLOYMENT_TARGET = 9.0;
				MTL_ENABLE_DEBUG_INFO = YES;
				ONLY_ACTIVE_ARCH = YES;
				SDKROOT = iphoneos;
			};
			name = Debug;
		};
		83CBBA211A601CBA00E9B192 /* Release */ = {
			isa = XCBuildConfiguration;
			buildSettings = {
				ALWAYS_SEARCH_USER_PATHS = NO;
				CLANG_CXX_LANGUAGE_STANDARD = "gnu++0x";
				CLANG_CXX_LIBRARY = "libc++";
				CLANG_ENABLE_MODULES = YES;
				CLANG_ENABLE_OBJC_ARC = YES;
				CLANG_WARN_BLOCK_CAPTURE_AUTORELEASING = YES;
				CLANG_WARN_BOOL_CONVERSION = YES;
				CLANG_WARN_COMMA = YES;
				CLANG_WARN_CONSTANT_CONVERSION = YES;
				CLANG_WARN_DEPRECATED_OBJC_IMPLEMENTATIONS = YES;
				CLANG_WARN_DIRECT_OBJC_ISA_USAGE = YES_ERROR;
				CLANG_WARN_EMPTY_BODY = YES;
				CLANG_WARN_ENUM_CONVERSION = YES;
				CLANG_WARN_INFINITE_RECURSION = YES;
				CLANG_WARN_INT_CONVERSION = YES;
				CLANG_WARN_NON_LITERAL_NULL_CONVERSION = YES;
				CLANG_WARN_OBJC_IMPLICIT_RETAIN_SELF = YES;
				CLANG_WARN_OBJC_LITERAL_CONVERSION = YES;
				CLANG_WARN_OBJC_ROOT_CLASS = YES_ERROR;
				CLANG_WARN_RANGE_LOOP_ANALYSIS = YES;
				CLANG_WARN_STRICT_PROTOTYPES = YES;
				CLANG_WARN_SUSPICIOUS_MOVE = YES;
				CLANG_WARN_UNREACHABLE_CODE = YES;
				CLANG_WARN__DUPLICATE_METHOD_MATCH = YES;
				"CODE_SIGN_IDENTITY[sdk=iphoneos*]" = "iPhone Developer";
				COPY_PHASE_STRIP = YES;
				ENABLE_NS_ASSERTIONS = NO;
				ENABLE_STRICT_OBJC_MSGSEND = YES;
				GCC_C_LANGUAGE_STANDARD = gnu99;
				GCC_NO_COMMON_BLOCKS = YES;
				GCC_WARN_64_TO_32_BIT_CONVERSION = YES;
				GCC_WARN_ABOUT_RETURN_TYPE = YES_ERROR;
				GCC_WARN_UNDECLARED_SELECTOR = YES;
				GCC_WARN_UNINITIALIZED_AUTOS = YES_AGGRESSIVE;
				GCC_WARN_UNUSED_FUNCTION = YES;
				GCC_WARN_UNUSED_VARIABLE = YES;
				IPHONEOS_DEPLOYMENT_TARGET = 9.0;
				MTL_ENABLE_DEBUG_INFO = NO;
				SDKROOT = iphoneos;
				VALIDATE_PRODUCT = YES;
			};
			name = Release;
		};
/* End XCBuildConfiguration section */

/* Begin XCConfigurationList section */
		00E357021AD99517003FC87E /* Build configuration list for PBXNativeTarget "secondDemoTests" */ = {
			isa = XCConfigurationList;
			buildConfigurations = (
				00E356F61AD99517003FC87E /* Debug */,
				00E356F71AD99517003FC87E /* Release */,
			);
			defaultConfigurationIsVisible = 0;
			defaultConfigurationName = Release;
		};
		13B07F931A680F5B00A75B9A /* Build configuration list for PBXNativeTarget "secondDemo" */ = {
			isa = XCConfigurationList;
			buildConfigurations = (
				13B07F941A680F5B00A75B9A /* Debug */,
				13B07F951A680F5B00A75B9A /* Release */,
			);
			defaultConfigurationIsVisible = 0;
			defaultConfigurationName = Release;
		};
		2D02E4BA1E0B4A5E006451C7 /* Build configuration list for PBXNativeTarget "secondDemo-tvOS" */ = {
			isa = XCConfigurationList;
			buildConfigurations = (
				2D02E4971E0B4A5E006451C7 /* Debug */,
				2D02E4981E0B4A5E006451C7 /* Release */,
			);
			defaultConfigurationIsVisible = 0;
			defaultConfigurationName = Release;
		};
		2D02E4BB1E0B4A5E006451C7 /* Build configuration list for PBXNativeTarget "secondDemo-tvOSTests" */ = {
			isa = XCConfigurationList;
			buildConfigurations = (
				2D02E4991E0B4A5E006451C7 /* Debug */,
				2D02E49A1E0B4A5E006451C7 /* Release */,
			);
			defaultConfigurationIsVisible = 0;
			defaultConfigurationName = Release;
		};
		83CBB9FA1A601CBA00E9B192 /* Build configuration list for PBXProject "secondDemo" */ = {
			isa = XCConfigurationList;
			buildConfigurations = (
				83CBBA201A601CBA00E9B192 /* Debug */,
				83CBBA211A601CBA00E9B192 /* Release */,
			);
			defaultConfigurationIsVisible = 0;
			defaultConfigurationName = Release;
		};
/* End XCConfigurationList section */
	};
	rootObject = 83CBB9F71A601CBA00E9B192 /* Project object */;
}
